schema: '2.0'
stages:
  prepare:
    cmd: python faction-picker-bot\make_data.py --params params.yaml
    deps:
    - path: faction-picker-bot\creatingVPdata.ipynb
      md5: a77792d77b611ff3d58c4974c4aeab4d
      size: 395512
    params:
      params.yaml:
        prepare:
          folderlocation: terra-mystica/
          vp-data-dir: data/faction-picker-bot/vpdata.csv
          feature-data-dir: data/faction-picker-bot/featdata.csv
          player-drop-dir: data/faction-picker-bot/unfinishedgames.csv
    outs:
    - path: data\faction-picker-bot\featdata.csv
      md5: b0b19b2ceab05fa6af5536180f1978a5
      size: 11514409
    - path: data\faction-picker-bot\vpdata.csv
      md5: b532b6155ebb08303c7fa51b7f5346a1
      size: 5433991
  prepare-step2:
    cmd: python faction-picker-bot\create_individual_datasets.py --params params.yaml
    deps:
    - path: faction-picker-bot\create_individual_datasets.py
      md5: 242509b4a832522d8f82335e610bca58
      size: 3028
    params:
      params.yaml:
        prepare:
          folderlocation: terra-mystica/
          vp-data-dir: data/faction-picker-bot/vpdata.csv
          feature-data-dir: data/faction-picker-bot/featdata.csv
          player-drop-dir: data/faction-picker-bot/unfinishedgames.csv
        prepare-step2:
          round-features: one-hot
          map-features: one-hot
          playercount-features: ordinal
          pickle-dir: data/faction-picker-bot/each-faction-data.pkl
    outs:
    - path: data\faction-picker-bot\each-faction-data.pkl
      md5: 3111ad3bd8d6258d3fdcf7f362317d66
      size: 280269834
  train:
    cmd: python faction-picker-bot\train_models.py --params params.yaml
    deps:
    - path: faction-picker-bot\train_models.py
      md5: 5323ca9bfa740fc94ee5bd80653f6a40
      size: 2068
    params:
      params.yaml:
        training:
          model-dir: data/faction-picker-bot/models/
          num-rounds: 300
          num-leaves: 7
          max-depth: 4
          train-proportion: 0.8
          val-proportion: 0.1
          test-proportion: 0.1
    outs:
    - path: data\faction-picker-bot\models\
      md5: 53a8e5326f34ef39995c8fe6b2d9d48e.dir
      size: 3312351
      nfiles: 14
  create-metrics:
    cmd: python faction-picker-bot\create_metrics.py --params params.yaml
    deps:
    - path: faction-picker-bot\create_metrics.py
      md5: 4874b4f684c39972bd23f0789260bbbf
      size: 3081
    outs:
    - path: data\faction-picker-bot\metrics\
      md5: 26b33d92026d9e683566b9f11afd8689.dir
      size: 457514
      nfiles: 14
    - path: data\faction-picker-bot\model_metrics.json
      md5: e5db66bc6be3d091057406dbb62c1035
      size: 440
